// !$*UTF8*$!
{
	archiveVersion = 1;
	classes = {
	};
	objectVersion = 46;
	objects = {

/* Begin PBXBuildFile section */
		D255C7121B5E85E900ABAD33 /* AppDelegate.swift in Sources */ = {isa = PBXBuildFile; fileRef = D255C7111B5E85E900ABAD33 /* AppDelegate.swift */; };
		D255C7141B5E85E900ABAD33 /* ViewController.swift in Sources */ = {isa = PBXBuildFile; fileRef = D255C7131B5E85E900ABAD33 /* ViewController.swift */; };
		D255C7171B5E85E900ABAD33 /* Main.storyboard in Resources */ = {isa = PBXBuildFile; fileRef = D255C7151B5E85E900ABAD33 /* Main.storyboard */; };
		D255C7191B5E85E900ABAD33 /* Assets.xcassets in Resources */ = {isa = PBXBuildFile; fileRef = D255C7181B5E85E900ABAD33 /* Assets.xcassets */; };
		D255C71C1B5E85E900ABAD33 /* LaunchScreen.storyboard in Resources */ = {isa = PBXBuildFile; fileRef = D255C71A1B5E85E900ABAD33 /* LaunchScreen.storyboard */; };
		D255C7241B5E85F500ABAD33 /* MyClass.swift in Sources */ = {isa = PBXBuildFile; fileRef = D255C7231B5E85F500ABAD33 /* MyClass.swift */; };
/* End PBXBuildFile section */

/* Begin PBXFileReference section */
		D255C70E1B5E85E800ABAD33 /* Singleton.app */ = {isa = PBXFileReference; explicitFileType = wrapper.application; includeInIndex = 0; path = Singleton.app; sourceTree = BUILT_PRODUCTS_DIR; };
		D255C7111B5E85E900ABAD33 /* AppDelegate.swift */ = {isa = PBXFileReference; lastKnownFileType = sourcecode.swift; path = AppDelegate.swift; sourceTree = "<group>"; };
		D255C7131B5E85E900ABAD33 /* ViewController.swift */ = {isa = PBXFileReference; lastKnownFileType = sourcecode.swift; path = ViewController.swift; sourceTree = "<group>"; };
		D255C7161B5E85E900ABAD33 /* Base */ = {isa = PBXFileReference; lastKnownFileType = file.storyboard; name = Base; path = Base.lproj/Main.storyboard; sourceTree = "<group>"; };
		D255C7181B5E85E900ABAD33 /* Assets.xcassets */ = {isa = PBXFileReference; lastKnownFileType = folder.assetcatalog; path = Assets.xcassets; sourceTree = "<group>"; };
		D255C71B1B5E85E900ABAD33 /* Base */ = {isa = PBXFileReference; lastKnownFileType = file.storyboard; name = Base; path = Base.lproj/LaunchScreen.storyboard; sourceTree = "<group>"; };
		D255C71D1B5E85E900ABAD33 /* Info.plist */ = {isa = PBXFileReference; lastKnownFileType = text.plist.xml; path = Info.plist; sourceTree = "<group>"; };
		D255C7231B5E85F500ABAD33 /* MyClass.swift */ = {isa = PBXFileReference; fileEncoding = 4; lastKnownFileType = sourcecode.swift; path = MyClass.swift; sourceTree = "<group>"; };
		D255C7251B5EA56C00ABAD33 /* Singleton.playground */ = {isa = PBXFileReference; lastKnownFileType = file.playground; path = Singleton.playground; sourceTree = "<group>"; };
/* End PBXFileReference section */

/* Begin PBXFrameworksBuildPhase section */
		D255C70B1B5E85E800ABAD33 /* Frameworks */ = {
			isa = PBXFrameworksBuildPhase;
			buildActionMask = 2147483647;
			files = (
			);
			runOnlyForDeploymentPostprocessing = 0;
		};
/* End PBXFrameworksBuildPhase section */

/* Begin PBXGroup section */
		D255C7051B5E85E800ABAD33 = {
			isa = PBXGroup;
			children = (
				D255C7251B5EA56C00ABAD33 /* Singleton.playground */,
				D255C7101B5E85E800ABAD33 /* Singleton */,
				D255C70F1B5E85E800ABAD33 /* Products */,
			);
			sourceTree = "<group>";
		};
		D255C70F1B5E85E800ABAD33 /* Products */ = {
			isa = PBXGroup;
			children = (
				D255C70E1B5E85E800ABAD33 /* Singleton.app */,
			);
			name = Products;
			sourceTree = "<group>";
		};
		D255C7101B5E85E800ABAD33 /* Singleton */ = {
			isa = PBXGroup;
			children = (
				D255C7111B5E85E900ABAD33 /* AppDelegate.swift */,
				D255C7131B5E85E900ABAD33 /* ViewController.swift */,
				D255C7151B5E85E900ABAD33 /* Main.storyboard */,
				D255C7181B5E85E900ABAD33 /* Assets.xcassets */,
				D255C71A1B5E85E900ABAD33 /* LaunchScreen.storyboard */,
				D255C71D1B5E85E900ABAD33 /* Info.plist */,
				D255C7231B5E85F500ABAD33 /* MyClass.swift */,
			);
			path = Singleton;
			sourceTree = "<group>";
		};
/* End PBXGroup section */

/* Begin PBXNativeTarget section */
		D255C70D1B5E85E800ABAD33 /* Singleton */ = {
			isa = PBXNativeTarget;
			buildConfigurationList = D255C7201B5E85E900ABAD33 /* Build configuration list for PBXNativeTarget "Singleton" */;
			buildPhases = (
				D255C70A1B5E85E800ABAD33 /* Sources */,
				D255C70B1B5E85E800ABAD33 /* Frameworks */,
				D255C70C1B5E85E800ABAD33 /* Resources */,
			);
			buildRules = (
			);
			dependencies = (
			);
			name = Singleton;
			productName = Singleton;
			productReference = D255C70E1B5E85E800ABAD33 /* Singleton.app */;
			productType = "com.apple.product-type.application";
		};
/* End PBXNativeTarget section */

/* Begin PBXProject section */
		D255C7061B5E85E800ABAD33 /* Project object */ = {
			isa = PBXProject;
			attributes = {
				LastUpgradeCheck = 0700;
				ORGANIZATIONNAME = "Scott Gardner";
				TargetAttributes = {
					D255C70D1B5E85E800ABAD33 = {
						CreatedOnToolsVersion = 7.0;
					};
				};
			};
			buildConfigurationList = D255C7091B5E85E800ABAD33 /* Build configuration list for PBXProject "Singleton" */;
			compatibilityVersion = "Xcode 3.2";
			developmentRegion = English;
			hasScannedForEncodings = 0;
			knownRegions = (
				en,
				Base,
			);
			mainGroup = D255C7051B5E85E800ABAD33;
			productRefGroup = D255C70F1B5E85E800ABAD33 /* Products */;
			projectDirPath = "";
			projectRoot = "";
			targets = (
				D255C70D1B5E85E800ABAD33 /* Singleton */,
			);
		};
/* End PBXProject section */

/* Begin PBXResourcesBuildPhase section */
		D255C70C1B5E85E800ABAD33 /* Resources */ = {
			isa = PBXResourcesBuildPhase;
			buildActionMask = 2147483647;
			files = (
				D255C71C1B5E85E900ABAD33 /* LaunchScreen.storyboard in Resources */,
				D255C7191B5E85E900ABAD33 /* Assets.xcassets in Resources */,
				D255C7171B5E85E900ABAD33 /* Main.storyboard in Resources */,
			);
			runOnlyForDeploymentPostprocessing = 0;
		};
/* End PBXResourcesBuildPhase section */

/* Begin PBXSourcesBuildPhase section */
		D255C70A1B5E85E800ABAD33 /* Sources */ = {
			isa = PBXSourcesBuildPhase;
			buildActionMask = 2147483647;
			files = (
				D255C7141B5E85E900ABAD33 /* ViewController.swift in Sources */,
				D255C7121B5E85E900ABAD33 /* AppDelegate.swift in Sources */,
				D255C7241B5E85F500ABAD33 /* MyClass.swift in Sources */,
			);
			runOnlyForDeploymentPostprocessing = 0;
		};
/* End PBXSourcesBuildPhase section */

/* Begin PBXVariantGroup section */
		D255C7151B5E85E900ABAD33 /* Main.storyboard */ = {
			isa = PBXVariantGroup;
			children = (
				D255C7161B5E85E900ABAD33 /* Base */,
			);
			name = Main.storyboard;
			sourceTree = "<group>";
		};
		D255C71A1B5E85E900ABAD33 /* LaunchScreen.storyboard */ = {
			isa = PBXVariantGroup;
			children = (
				D255C71B1B5E85E900ABAD33 /* Base */,
			);
			name = LaunchScreen.storyboard;
			sourceTree = "<group>";
		};
/* End PBXVariantGroup section */

/* Begin XCBuildConfiguration section */
		D255C71E1B5E85E900ABAD33 /* Debug */ = {
			isa = XCBuildConfiguration;
			buildSettings = {
				ALWAYS_SEARCH_USER_PATHS = NO;
				CLANG_CXX_LANGUAGE_STANDARD = "gnu++0x";
				CLANG_CXX_LIBRARY = "libc++";
				CLANG_ENABLE_MODULES = YES;
				CLANG_ENABLE_OBJC_ARC = YES;
				CLANG_WARN_BOOL_CONVERSION = YES;
				CLANG_WARN_CONSTANT_CONVERSION = YES;
				CLANG_WARN_DIRECT_OBJC_ISA_USAGE = YES_ERROR;
				CLANG_WARN_EMPTY_BODY = YES;
				CLANG_WARN_ENUM_CONVERSION = YES;
				CLANG_WARN_INT_CONVERSION = YES;
				CLANG_WARN_OBJC_ROOT_CLASS = YES_ERROR;
				CLANG_WARN_UNREACHABLE_CODE = YES;
				CLANG_WARN__DUPLICATE_METHOD_MATCH = YES;
				"CODE_SIGN_IDENTITY[sdk=iphoneos*]" = "iPhone Developer";
				COPY_PHASE_STRIP = NO;
				DEBUG_INFORMATION_FORMAT = dwarf;
				ENABLE_STRICT_OBJC_MSGSEND = YES;
				ENABLE_TESTABILITY = YES;
				GCC_C_LANGUAGE_STANDARD = gnu99;
				GCC_DYNAMIC_NO_PIC = NO;
				GCC_NO_COMMON_BLOCKS = YES;
				GCC_OPTIMIZATION_LEVEL = 0;
				GCC_PREPROCESSOR_DEFINITIONS = (
					"DEBUG=1",
					"$(inherited)",
				);
				GCC_WARN_64_TO_32_BIT_CONVERSION = YES;
				GCC_WARN_ABOUT_RETURN_TYPE = YES_ERROR;
				GCC_WARN_UNDECLARED_SELECTOR = YES;
				GCC_WARN_UNINITIALIZED_AUTOS = YES_AGGRESSIVE;
				GCC_WARN_UNUSED_FUNCTION = YES;
				GCC_WARN_UNUSED_VARIABLE = YES;
				IPHONEOS_DEPLOYMENT_TARGET = 9.0;
				MTL_ENABLE_DEBUG_INFO = YES;
				ONLY_ACTIVE_ARCH = YES;
				SDKROOT = iphoneos;
				SWIFT_OPTIMIZATION_LEVEL = "-Onone";
				TARGETED_DEVICE_FAMILY = "1,2";
			};
			name = Debug;
		};
		D255C71F1B5E85E900ABAD33 /* Release */ = {
			isa = XCBuildConfiguration;
			buildSettings = {
				ALWAYS_SEARCH_USER_PATHS = NO;
				CLANG_CXX_LANGUAGE_STANDARD = "gnu++0x";
				CLANG_CXX_LIBRARY = "libc++";
				CLANG_ENABLE_MODULES = YES;
				CLANG_ENABLE_OBJC_ARC = YES;
				CLANG_WARN_BOOL_CONVERSION = YES;
				CLANG_WARN_CONSTANT_CONVERSION = YES;
				CLANG_WARN_DIRECT_OBJC_ISA_USAGE = YES_ERROR;
				CLANG_WARN_EMPTY_BODY = YES;
				CLANG_WARN_ENUM_CONVERSION = YES;
				CLANG_WARN_INT_CONVERSION = YES;
				CLANG_WARN_OBJC_ROOT_CLASS = YES_ERROR;
				CLANG_WARN_UNREACHABLE_CODE = YES;
				CLANG_WARN__DUPLICATE_METHOD_MATCH = YES;
				"CODE_SIGN_IDENTITY[sdk=iphoneos*]" = "iPhone Developer";
				COPY_PHASE_STRIP = NO;
				DEBUG_INFORMATION_FORMAT = "dwarf-with-dsym";
				ENABLE_NS_ASSERTIONS = NO;
				ENABLE_STRICT_OBJC_MSGSEND = YES;
				GCC_C_LANGUAGE_STANDARD = gnu99;
				GCC_NO_COMMON_BLOCKS = YES;
				GCC_WARN_64_TO_32_BIT_CONVERSION = YES;
				GCC_WARN_ABOUT_RETURN_TYPE = YES_ERROR;
				GCC_WARN_UNDECLARED_SELECTOR = YES;
				GCC_WARN_UNINITIALIZED_AUTOS = YES_AGGRESSIVE;
				GCC_WARN_UNUSED_FUNCTION = YES;
				GCC_WARN_UNUSED_VARIABLE = YES;
				IPHONEOS_DEPLOYMENT_TARGET = 9.0;
				MTL_ENABLE_DEBUG_INFO = NO;
				SDKROOT = iphoneos;
				TARGETED_DEVICE_FAMILY = "1,2";
				VALIDATE_PRODUCT = YES;
			};
			name = Release;
		};
		D255C7211B5E85E900ABAD33 /* Debug */ = {
			isa = XCBuildConfiguration;
			buildSettings = {
				ASSETCATALOG_COMPILER_APPICON_NAME = AppIcon;
				INFOPLIST_FILE = Singleton/Info.plist;
				LD_RUNPATH_SEARCH_PATHS = "$(inherited) @executable_path/Frameworks";
				PRODUCT_BUNDLE_IDENTIFIER = com.optimacinc.Singleton;
				PRODUCT_NAME = "$(TARGET_NAME)";
			};
			name = Debug;
		};
		D255C7221B5E85E900ABAD33 /* Release */ = {
			isa = XCBuildConfiguration;
			buildSettings = {
				ASSETCATALOG_COMPILER_APPICON_NAME = AppIcon;
				INFOPLIST_FILE = Singleton/Info.plist;
				LD_RUNPATH_SEARCH_PATHS = "$(inherited) @executable_path/Frameworks";
				PRODUCT_BUNDLE_IDENTIFIER = com.optimacinc.Singleton;
				PRODUCT_NAME = "$(TARGET_NAME)";
			};
			name = Release;
		};
/* End XCBuildConfiguration section */

/* Begin XCConfigurationList section */
		D255C7091B5E85E800ABAD33 /* Build configuration list for PBXProject "Singleton" */ = {
			isa = XCConfigurationList;
			buildConfigurations = (
				D255C71E1B5E85E900ABAD33 /* Debug */,
				D255C71F1B5E85E900ABAD33 /* Release */,
			);
			defaultConfigurationIsVisible = 0;
			defaultConfigurationName = Release;
		};
		D255C7201B5E85E900ABAD33 /* Build configuration list for PBXNativeTarget "Singleton" */ = {
			isa = XCConfigurationList;
			buildConfigurations = (
				D255C7211B5E85E900ABAD33 /* Debug */,
				D255C7221B5E85E900ABAD33 /* Release */,
			);
			defaultConfigurationIsVisible = 0;
		};
/* End XCConfigurationList section */
	};
	rootObject = D255C7061B5E85E800ABAD33 /* Project object */;
}
